
Microsoft Visual Studio Solution File, Format Version 12.00
# Visual Studio Version 17
VisualStudioVersion = 17.3.32929.385
MinimumVisualStudioVersion = 10.0.40219.1
Project("{8BC9CEB8-8B4A-11D0-8D11-00A0C91BC942}") = "Program01", "Project1\Project1.vcxproj", "{3376D6E7-857B-4DDB-9E83-9A2F7680C06B}"
EndProject
Project("{8BC9CEB8-8B4A-11D0-8D11-00A0C91BC942}") = "Program02", "Program2\Program2.vcxproj", "{0D2D762B-2717-4411-BF1C-61F639F6BE41}"
EndProject
Project("{8BC9CEB8-8B4A-11D0-8D11-00A0C91BC942}") = "Program03", "Program3\Program3.vcxproj", "{A479C5BA-8916-4E07-9265-B65800C0D070}"
EndProject
Project("{8BC9CEB8-8B4A-11D0-8D11-00A0C91BC942}") = "Program04", "Program4\Program4.vcxproj", "{8E32AA47-FD3F-4C7B-97CE-C285DA0AA0F9}"
EndProject
Project("{8BC9CEB8-8B4A-11D0-8D11-00A0C91BC942}") = "Program05", "Program 5\Program 5.vcxproj", "{88C9CA75-5965-491E-A540-8503C6C4372C}"
EndProject
Project("{8BC9CEB8-8B4A-11D0-8D11-00A0C91BC942}") = "Program06", "Program6\Program6.vcxproj", "{A0A87351-0CF6-4221-873D-70BFB2ED2374}"
EndProject
Project("{8BC9CEB8-8B4A-11D0-8D11-00A0C91BC942}") = "Program07", "Program7\Program7.vcxproj", "{B83BC615-6915-46ED-938C-6CD5DDE90657}"
EndProject
Project("{8BC9CEB8-8B4A-11D0-8D11-00A0C91BC942}") = "Program08", "Program 8\Program 8.vcxproj", "{68EDC37C-4413-4E30-A91C-F663EA5969FA}"
EndProject
Project("{8BC9CEB8-8B4A-11D0-8D11-00A0C91BC942}") = "Program09", "Program9\Program9.vcxproj", "{D0D8EB2B-9FFA-43EB-A316-252FC513A975}"
EndProject
Project("{8BC9CEB8-8B4A-11D0-8D11-00A0C91BC942}") = "Program10", "Program10\Program10.vcxproj", "{0E6148F7-8095-42F2-A03F-F513DB6EE31F}"
EndProject
Project("{8BC9CEB8-8B4A-11D0-8D11-00A0C91BC942}") = "Program11", "Program11\Program11.vcxproj", "{D40DAEDB-6F42-44BF-A080-FA60280F6405}"
EndProject
Project("{8BC9CEB8-8B4A-11D0-8D11-00A0C91BC942}") = "Program12", "Program12\Program12.vcxproj", "{B8161E25-2C54-4EC4-AB60-85DBE016B066}"
EndProject
Global
	GlobalSection(SolutionConfigurationPlatforms) = preSolution
		Debug|x64 = Debug|x64
		Debug|x86 = Debug|x86
		Release|x64 = Release|x64
		Release|x86 = Release|x86
	EndGlobalSection
	GlobalSection(ProjectConfigurationPlatforms) = postSolution
		{3376D6E7-857B-4DDB-9E83-9A2F7680C06B}.Debug|x64.ActiveCfg = Debug|x64
		{3376D6E7-857B-4DDB-9E83-9A2F7680C06B}.Debug|x64.Build.0 = Debug|x64
		{3376D6E7-857B-4DDB-9E83-9A2F7680C06B}.Debug|x86.ActiveCfg = Debug|Win32
		{3376D6E7-857B-4DDB-9E83-9A2F7680C06B}.Debug|x86.Build.0 = Debug|Win32
		{3376D6E7-857B-4DDB-9E83-9A2F7680C06B}.Release|x64.ActiveCfg = Release|x64
		{3376D6E7-857B-4DDB-9E83-9A2F7680C06B}.Release|x64.Build.0 = Release|x64
		{3376D6E7-857B-4DDB-9E83-9A2F7680C06B}.Release|x86.ActiveCfg = Release|Win32
		{3376D6E7-857B-4DDB-9E83-9A2F7680C06B}.Release|x86.Build.0 = Release|Win32
		{0D2D762B-2717-4411-BF1C-61F639F6BE41}.Debug|x64.ActiveCfg = Debug|x64
		{0D2D762B-2717-4411-BF1C-61F639F6BE41}.Debug|x64.Build.0 = Debug|x64
		{0D2D762B-2717-4411-BF1C-61F639F6BE41}.Debug|x86.ActiveCfg = Debug|Win32
		{0D2D762B-2717-4411-BF1C-61F639F6BE41}.Debug|x86.Build.0 = Debug|Win32
		{0D2D762B-2717-4411-BF1C-61F639F6BE41}.Release|x64.ActiveCfg = Release|x64
		{0D2D762B-2717-4411-BF1C-61F639F6BE41}.Release|x64.Build.0 = Release|x64
		{0D2D762B-2717-4411-BF1C-61F639F6BE41}.Release|x86.ActiveCfg = Release|Win32
		{0D2D762B-2717-4411-BF1C-61F639F6BE41}.Release|x86.Build.0 = Release|Win32
		{A479C5BA-8916-4E07-9265-B65800C0D070}.Debug|x64.ActiveCfg = Debug|x64
		{A479C5BA-8916-4E07-9265-B65800C0D070}.Debug|x64.Build.0 = Debug|x64
		{A479C5BA-8916-4E07-9265-B65800C0D070}.Debug|x86.ActiveCfg = Debug|Win32
		{A479C5BA-8916-4E07-9265-B65800C0D070}.Debug|x86.Build.0 = Debug|Win32
		{A479C5BA-8916-4E07-9265-B65800C0D070}.Release|x64.ActiveCfg = Release|x64
		{A479C5BA-8916-4E07-9265-B65800C0D070}.Release|x64.Build.0 = Release|x64
		{A479C5BA-8916-4E07-9265-B65800C0D070}.Release|x86.ActiveCfg = Release|Win32
		{A479C5BA-8916-4E07-9265-B65800C0D070}.Release|x86.Build.0 = Release|Win32
		{8E32AA47-FD3F-4C7B-97CE-C285DA0AA0F9}.Debug|x64.ActiveCfg = Debug|x64
		{8E32AA47-FD3F-4C7B-97CE-C285DA0AA0F9}.Debug|x64.Build.0 = Debug|x64
		{8E32AA47-FD3F-4C7B-97CE-C285DA0AA0F9}.Debug|x86.ActiveCfg = Debug|Win32
		{8E32AA47-FD3F-4C7B-97CE-C285DA0AA0F9}.Debug|x86.Build.0 = Debug|Win32
		{8E32AA47-FD3F-4C7B-97CE-C285DA0AA0F9}.Release|x64.ActiveCfg = Release|x64
		{8E32AA47-FD3F-4C7B-97CE-C285DA0AA0F9}.Release|x64.Build.0 = Release|x64
		{8E32AA47-FD3F-4C7B-97CE-C285DA0AA0F9}.Release|x86.ActiveCfg = Release|Win32
		{8E32AA47-FD3F-4C7B-97CE-C285DA0AA0F9}.Release|x86.Build.0 = Release|Win32
		{88C9CA75-5965-491E-A540-8503C6C4372C}.Debug|x64.ActiveCfg = Debug|x64
		{88C9CA75-5965-491E-A540-8503C6C4372C}.Debug|x64.Build.0 = Debug|x64
		{88C9CA75-5965-491E-A540-8503C6C4372C}.Debug|x86.ActiveCfg = Debug|Win32
		{88C9CA75-5965-491E-A540-8503C6C4372C}.Debug|x86.Build.0 = Debug|Win32
		{88C9CA75-5965-491E-A540-8503C6C4372C}.Release|x64.ActiveCfg = Release|x64
		{88C9CA75-5965-491E-A540-8503C6C4372C}.Release|x64.Build.0 = Release|x64
		{88C9CA75-5965-491E-A540-8503C6C4372C}.Release|x86.ActiveCfg = Release|Win32
		{88C9CA75-5965-491E-A540-8503C6C4372C}.Release|x86.Build.0 = Release|Win32
		{A0A87351-0CF6-4221-873D-70BFB2ED2374}.Debug|x64.ActiveCfg = Debug|x64
		{A0A87351-0CF6-4221-873D-70BFB2ED2374}.Debug|x64.Build.0 = Debug|x64
		{A0A87351-0CF6-4221-873D-70BFB2ED2374}.Debug|x86.ActiveCfg = Debug|Win32
		{A0A87351-0CF6-4221-873D-70BFB2ED2374}.Debug|x86.Build.0 = Debug|Win32
		{A0A87351-0CF6-4221-873D-70BFB2ED2374}.Release|x64.ActiveCfg = Release|x64
		{A0A87351-0CF6-4221-873D-70BFB2ED2374}.Release|x64.Build.0 = Release|x64
		{A0A87351-0CF6-4221-873D-70BFB2ED2374}.Release|x86.ActiveCfg = Release|Win32
		{A0A87351-0CF6-4221-873D-70BFB2ED2374}.Release|x86.Build.0 = Release|Win32
		{B83BC615-6915-46ED-938C-6CD5DDE90657}.Debug|x64.ActiveCfg = Debug|x64
		{B83BC615-6915-46ED-938C-6CD5DDE90657}.Debug|x64.Build.0 = Debug|x64
		{B83BC615-6915-46ED-938C-6CD5DDE90657}.Debug|x86.ActiveCfg = Debug|Win32
		{B83BC615-6915-46ED-938C-6CD5DDE90657}.Debug|x86.Build.0 = Debug|Win32
		{B83BC615-6915-46ED-938C-6CD5DDE90657}.Release|x64.ActiveCfg = Release|x64
		{B83BC615-6915-46ED-938C-6CD5DDE90657}.Release|x64.Build.0 = Release|x64
		{B83BC615-6915-46ED-938C-6CD5DDE90657}.Release|x86.ActiveCfg = Release|Win32
		{B83BC615-6915-46ED-938C-6CD5DDE90657}.Release|x86.Build.0 = Release|Win32
		{68EDC37C-4413-4E30-A91C-F663EA5969FA}.Debug|x64.ActiveCfg = Debug|x64
		{68EDC37C-4413-4E30-A91C-F663EA5969FA}.Debug|x64.Build.0 = Debug|x64
		{68EDC37C-4413-4E30-A91C-F663EA5969FA}.Debug|x86.ActiveCfg = Debug|Win32
		{68EDC37C-4413-4E30-A91C-F663EA5969FA}.Debug|x86.Build.0 = Debug|Win32
		{68EDC37C-4413-4E30-A91C-F663EA5969FA}.Release|x64.ActiveCfg = Release|x64
		{68EDC37C-4413-4E30-A91C-F663EA5969FA}.Release|x64.Build.0 = Release|x64
		{68EDC37C-4413-4E30-A91C-F663EA5969FA}.Release|x86.ActiveCfg = Release|Win32
		{68EDC37C-4413-4E30-A91C-F663EA5969FA}.Release|x86.Build.0 = Release|Win32
		{D0D8EB2B-9FFA-43EB-A316-252FC513A975}.Debug|x64.ActiveCfg = Debug|x64
		{D0D8EB2B-9FFA-43EB-A316-252FC513A975}.Debug|x64.Build.0 = Debug|x64
		{D0D8EB2B-9FFA-43EB-A316-252FC513A975}.Debug|x86.ActiveCfg = Debug|Win32
		{D0D8EB2B-9FFA-43EB-A316-252FC513A975}.Debug|x86.Build.0 = Debug|Win32
		{D0D8EB2B-9FFA-43EB-A316-252FC513A975}.Release|x64.ActiveCfg = Release|x64
		{D0D8EB2B-9FFA-43EB-A316-252FC513A975}.Release|x64.Build.0 = Release|x64
		{D0D8EB2B-9FFA-43EB-A316-252FC513A975}.Release|x86.ActiveCfg = Release|Win32
		{D0D8EB2B-9FFA-43EB-A316-252FC513A975}.Release|x86.Build.0 = Release|Win32
		{0E6148F7-8095-42F2-A03F-F513DB6EE31F}.Debug|x64.ActiveCfg = Debug|x64
		{0E6148F7-8095-42F2-A03F-F513DB6EE31F}.Debug|x64.Build.0 = Debug|x64
		{0E6148F7-8095-42F2-A03F-F513DB6EE31F}.Debug|x86.ActiveCfg = Debug|Win32
		{0E6148F7-8095-42F2-A03F-F513DB6EE31F}.Debug|x86.Build.0 = Debug|Win32
		{0E6148F7-8095-42F2-A03F-F513DB6EE31F}.Release|x64.ActiveCfg = Release|x64
		{0E6148F7-8095-42F2-A03F-F513DB6EE31F}.Release|x64.Build.0 = Release|x64
		{0E6148F7-8095-42F2-A03F-F513DB6EE31F}.Release|x86.ActiveCfg = Release|Win32
		{0E6148F7-8095-42F2-A03F-F513DB6EE31F}.Release|x86.Build.0 = Release|Win32
		{D40DAEDB-6F42-44BF-A080-FA60280F6405}.Debug|x64.ActiveCfg = Debug|x64
		{D40DAEDB-6F42-44BF-A080-FA60280F6405}.Debug|x64.Build.0 = Debug|x64
		{D40DAEDB-6F42-44BF-A080-FA60280F6405}.Debug|x86.ActiveCfg = Debug|Win32
		{D40DAEDB-6F42-44BF-A080-FA60280F6405}.Debug|x86.Build.0 = Debug|Win32
		{D40DAEDB-6F42-44BF-A080-FA60280F6405}.Release|x64.ActiveCfg = Release|x64
		{D40DAEDB-6F42-44BF-A080-FA60280F6405}.Release|x64.Build.0 = Release|x64
		{D40DAEDB-6F42-44BF-A080-FA60280F6405}.Release|x86.ActiveCfg = Release|Win32
		{D40DAEDB-6F42-44BF-A080-FA60280F6405}.Release|x86.Build.0 = Release|Win32
		{B8161E25-2C54-4EC4-AB60-85DBE016B066}.Debug|x64.ActiveCfg = Debug|x64
		{B8161E25-2C54-4EC4-AB60-85DBE016B066}.Debug|x64.Build.0 = Debug|x64
		{B8161E25-2C54-4EC4-AB60-85DBE016B066}.Debug|x86.ActiveCfg = Debug|Win32
		{B8161E25-2C54-4EC4-AB60-85DBE016B066}.Debug|x86.Build.0 = Debug|Win32
		{B8161E25-2C54-4EC4-AB60-85DBE016B066}.Release|x64.ActiveCfg = Release|x64
		{B8161E25-2C54-4EC4-AB60-85DBE016B066}.Release|x64.Build.0 = Release|x64
		{B8161E25-2C54-4EC4-AB60-85DBE016B066}.Release|x86.ActiveCfg = Release|Win32
		{B8161E25-2C54-4EC4-AB60-85DBE016B066}.Release|x86.Build.0 = Release|Win32
	EndGlobalSection
	GlobalSection(SolutionProperties) = preSolution
		HideSolutionNode = FALSE
	EndGlobalSection
	GlobalSection(ExtensibilityGlobals) = postSolution
		SolutionGuid = {9A22667E-9BCC-4603-B9CE-9972B33B621D}
	EndGlobalSection
EndGlobal
